// !$*UTF8*$!
{
	archiveVersion = 1;
	classes = {
	};
	objectVersion = 56;
	objects = {

/* Begin PBXBuildFile section */
		8B14546C2B0BF75C001AB56D /* CompSci_Ethics_App.swift in Sources */ = {isa = PBXBuildFile; fileRef = 8B14546B2B0BF75C001AB56D /* CompSci_Ethics_App.swift */; };
		8B14546E2B0BF75C001AB56D /* RootView.swift in Sources */ = {isa = PBXBuildFile; fileRef = 8B14546D2B0BF75C001AB56D /* RootView.swift */; };
		8B1454702B0BF75E001AB56D /* Assets.xcassets in Resources */ = {isa = PBXBuildFile; fileRef = 8B14546F2B0BF75E001AB56D /* Assets.xcassets */; };
		8B1454732B0BF75E001AB56D /* Preview Assets.xcassets in Resources */ = {isa = PBXBuildFile; fileRef = 8B1454722B0BF75E001AB56D /* Preview Assets.xcassets */; };
		8B14547A2B0C0542001AB56D /* LearnView.swift in Sources */ = {isa = PBXBuildFile; fileRef = 8B1454792B0C0542001AB56D /* LearnView.swift */; };
		8B14547C2B0C054D001AB56D /* QuizView.swift in Sources */ = {isa = PBXBuildFile; fileRef = 8B14547B2B0C054D001AB56D /* QuizView.swift */; };
		8B14547F2B0D429F001AB56D /* EthicsView.swift in Sources */ = {isa = PBXBuildFile; fileRef = 8B14547E2B0D429F001AB56D /* EthicsView.swift */; };
		8B1454812B0D4441001AB56D /* LegalView.swift in Sources */ = {isa = PBXBuildFile; fileRef = 8B1454802B0D4441001AB56D /* LegalView.swift */; };
		8B1454832B0D444F001AB56D /* IntellectualPropertyView.swift in Sources */ = {isa = PBXBuildFile; fileRef = 8B1454822B0D444F001AB56D /* IntellectualPropertyView.swift */; };
		8B1454862B0D4490001AB56D /* IntellectualProperty.json in Resources */ = {isa = PBXBuildFile; fileRef = 8B1454852B0D4490001AB56D /* IntellectualProperty.json */; };
		8B14548C2B0D4DEB001AB56D /* IPBasics.mp4 in Resources */ = {isa = PBXBuildFile; fileRef = 8B14548B2B0D4DEB001AB56D /* IPBasics.mp4 */; };
		8B1454912B0D55C3001AB56D /* IntellectualPropertyManager.swift in Sources */ = {isa = PBXBuildFile; fileRef = 8B1454902B0D55C3001AB56D /* IntellectualPropertyManager.swift */; };
		8B1454932B0D5785001AB56D /* IntellectualPropertyData.swift in Sources */ = {isa = PBXBuildFile; fileRef = 8B1454922B0D5785001AB56D /* IntellectualPropertyData.swift */; };
		8B1454962B0D5A44001AB56D /* DataService.swift in Sources */ = {isa = PBXBuildFile; fileRef = 8B1454952B0D5A44001AB56D /* DataService.swift */; };
		8B1454982B0E9879001AB56D /* RectangleCard.swift in Sources */ = {isa = PBXBuildFile; fileRef = 8B1454972B0E9879001AB56D /* RectangleCard.swift */; };
		8B14549B2B0E9D36001AB56D /* CopyrightView.swift in Sources */ = {isa = PBXBuildFile; fileRef = 8B14549A2B0E9D36001AB56D /* CopyrightView.swift */; };
/* End PBXBuildFile section */

/* Begin PBXFileReference section */
		8B1454682B0BF75C001AB56D /* CompSci Ethics App.app */ = {isa = PBXFileReference; explicitFileType = wrapper.application; includeInIndex = 0; path = "CompSci Ethics App.app"; sourceTree = BUILT_PRODUCTS_DIR; };
		8B14546B2B0BF75C001AB56D /* CompSci_Ethics_App.swift */ = {isa = PBXFileReference; lastKnownFileType = sourcecode.swift; path = CompSci_Ethics_App.swift; sourceTree = "<group>"; };
		8B14546D2B0BF75C001AB56D /* RootView.swift */ = {isa = PBXFileReference; lastKnownFileType = sourcecode.swift; path = RootView.swift; sourceTree = "<group>"; };
		8B14546F2B0BF75E001AB56D /* Assets.xcassets */ = {isa = PBXFileReference; lastKnownFileType = folder.assetcatalog; path = Assets.xcassets; sourceTree = "<group>"; };
		8B1454722B0BF75E001AB56D /* Preview Assets.xcassets */ = {isa = PBXFileReference; lastKnownFileType = folder.assetcatalog; path = "Preview Assets.xcassets"; sourceTree = "<group>"; };
		8B1454792B0C0542001AB56D /* LearnView.swift */ = {isa = PBXFileReference; lastKnownFileType = sourcecode.swift; path = LearnView.swift; sourceTree = "<group>"; };
		8B14547B2B0C054D001AB56D /* QuizView.swift */ = {isa = PBXFileReference; lastKnownFileType = sourcecode.swift; path = QuizView.swift; sourceTree = "<group>"; };
		8B14547E2B0D429F001AB56D /* EthicsView.swift */ = {isa = PBXFileReference; lastKnownFileType = sourcecode.swift; path = EthicsView.swift; sourceTree = "<group>"; };
		8B1454802B0D4441001AB56D /* LegalView.swift */ = {isa = PBXFileReference; lastKnownFileType = sourcecode.swift; path = LegalView.swift; sourceTree = "<group>"; };
		8B1454822B0D444F001AB56D /* IntellectualPropertyView.swift */ = {isa = PBXFileReference; lastKnownFileType = sourcecode.swift; path = IntellectualPropertyView.swift; sourceTree = "<group>"; };
		8B1454852B0D4490001AB56D /* IntellectualProperty.json */ = {isa = PBXFileReference; lastKnownFileType = text.json; path = IntellectualProperty.json; sourceTree = "<group>"; };
		8B14548B2B0D4DEB001AB56D /* IPBasics.mp4 */ = {isa = PBXFileReference; lastKnownFileType = file; path = IPBasics.mp4; sourceTree = "<group>"; };
		8B1454902B0D55C3001AB56D /* IntellectualPropertyManager.swift */ = {isa = PBXFileReference; lastKnownFileType = sourcecode.swift; path = IntellectualPropertyManager.swift; sourceTree = "<group>"; };
		8B1454922B0D5785001AB56D /* IntellectualPropertyData.swift */ = {isa = PBXFileReference; lastKnownFileType = sourcecode.swift; path = IntellectualPropertyData.swift; sourceTree = "<group>"; };
		8B1454952B0D5A44001AB56D /* DataService.swift */ = {isa = PBXFileReference; lastKnownFileType = sourcecode.swift; path = DataService.swift; sourceTree = "<group>"; };
		8B1454972B0E9879001AB56D /* RectangleCard.swift */ = {isa = PBXFileReference; lastKnownFileType = sourcecode.swift; path = RectangleCard.swift; sourceTree = "<group>"; };
		8B14549A2B0E9D36001AB56D /* CopyrightView.swift */ = {isa = PBXFileReference; lastKnownFileType = sourcecode.swift; path = CopyrightView.swift; sourceTree = "<group>"; };
/* End PBXFileReference section */

/* Begin PBXFrameworksBuildPhase section */
		8B1454652B0BF75C001AB56D /* Frameworks */ = {
			isa = PBXFrameworksBuildPhase;
			buildActionMask = 2147483647;
			files = (
			);
			runOnlyForDeploymentPostprocessing = 0;
		};
/* End PBXFrameworksBuildPhase section */

/* Begin PBXGroup section */
		8B14545F2B0BF75C001AB56D = {
			isa = PBXGroup;
			children = (
				8B14546A2B0BF75C001AB56D /* CompSci Ethics App */,
				8B1454692B0BF75C001AB56D /* Products */,
			);
			sourceTree = "<group>";
		};
		8B1454692B0BF75C001AB56D /* Products */ = {
			isa = PBXGroup;
			children = (
				8B1454682B0BF75C001AB56D /* CompSci Ethics App.app */,
			);
			name = Products;
			sourceTree = "<group>";
		};
		8B14546A2B0BF75C001AB56D /* CompSci Ethics App */ = {
			isa = PBXGroup;
			children = (
				8B14546B2B0BF75C001AB56D /* CompSci_Ethics_App.swift */,
				8B14546D2B0BF75C001AB56D /* RootView.swift */,
				8B1454872B0D4C0F001AB56D /* Views */,
				8B1454882B0D4C1B001AB56D /* Models */,
				8B1454892B0D4C25001AB56D /* ViewModels */,
				8B1454842B0D446A001AB56D /* Data */,
				8B1454942B0D59C8001AB56D /* Services */,
				8B14548A2B0D4DD6001AB56D /* Resources */,
				8B1454712B0BF75E001AB56D /* Preview Content */,
				8B14546F2B0BF75E001AB56D /* Assets.xcassets */,
			);
			path = "CompSci Ethics App";
			sourceTree = "<group>";
		};
		8B1454712B0BF75E001AB56D /* Preview Content */ = {
			isa = PBXGroup;
			children = (
				8B1454722B0BF75E001AB56D /* Preview Assets.xcassets */,
			);
			path = "Preview Content";
			sourceTree = "<group>";
		};
		8B14547D2B0D426B001AB56D /* Learning */ = {
			isa = PBXGroup;
			children = (
				8B14547E2B0D429F001AB56D /* EthicsView.swift */,
				8B1454802B0D4441001AB56D /* LegalView.swift */,
				8B1454992B0E9C4F001AB56D /* IntellectualProperty */,
			);
			path = Learning;
			sourceTree = "<group>";
		};
		8B1454842B0D446A001AB56D /* Data */ = {
			isa = PBXGroup;
			children = (
				8B1454852B0D4490001AB56D /* IntellectualProperty.json */,
			);
			path = Data;
			sourceTree = "<group>";
		};
		8B1454872B0D4C0F001AB56D /* Views */ = {
			isa = PBXGroup;
			children = (
				8B1454792B0C0542001AB56D /* LearnView.swift */,
				8B14547B2B0C054D001AB56D /* QuizView.swift */,
				8B14547D2B0D426B001AB56D /* Learning */,
				8B14548D2B0D4E65001AB56D /* ReusableViews */,
			);
			path = Views;
			sourceTree = "<group>";
		};
		8B1454882B0D4C1B001AB56D /* Models */ = {
			isa = PBXGroup;
			children = (
				8B1454922B0D5785001AB56D /* IntellectualPropertyData.swift */,
			);
			path = Models;
			sourceTree = "<group>";
		};
		8B1454892B0D4C25001AB56D /* ViewModels */ = {
			isa = PBXGroup;
			children = (
				8B1454902B0D55C3001AB56D /* IntellectualPropertyManager.swift */,
			);
			path = ViewModels;
			sourceTree = "<group>";
		};
		8B14548A2B0D4DD6001AB56D /* Resources */ = {
			isa = PBXGroup;
			children = (
				8B14548B2B0D4DEB001AB56D /* IPBasics.mp4 */,
			);
			path = Resources;
			sourceTree = "<group>";
		};
		8B14548D2B0D4E65001AB56D /* ReusableViews */ = {
			isa = PBXGroup;
			children = (
				8B1454972B0E9879001AB56D /* RectangleCard.swift */,
			);
			path = ReusableViews;
			sourceTree = "<group>";
		};
		8B1454942B0D59C8001AB56D /* Services */ = {
			isa = PBXGroup;
			children = (
				8B1454952B0D5A44001AB56D /* DataService.swift */,
			);
			path = Services;
			sourceTree = "<group>";
		};
		8B1454992B0E9C4F001AB56D /* IntellectualProperty */ = {
			isa = PBXGroup;
			children = (
				8B1454822B0D444F001AB56D /* IntellectualPropertyView.swift */,
				8B14549A2B0E9D36001AB56D /* CopyrightView.swift */,
			);
			path = IntellectualProperty;
			sourceTree = "<group>";
		};
/* End PBXGroup section */

/* Begin PBXNativeTarget section */
		8B1454672B0BF75C001AB56D /* CompSci Ethics App */ = {
			isa = PBXNativeTarget;
			buildConfigurationList = 8B1454762B0BF75E001AB56D /* Build configuration list for PBXNativeTarget "CompSci Ethics App" */;
			buildPhases = (
				8B1454642B0BF75C001AB56D /* Sources */,
				8B1454652B0BF75C001AB56D /* Frameworks */,
				8B1454662B0BF75C001AB56D /* Resources */,
			);
			buildRules = (
			);
			dependencies = (
			);
			name = "CompSci Ethics App";
			productName = "CompSci Ethics App";
			productReference = 8B1454682B0BF75C001AB56D /* CompSci Ethics App.app */;
			productType = "com.apple.product-type.application";
		};
/* End PBXNativeTarget section */

/* Begin PBXProject section */
		8B1454602B0BF75C001AB56D /* Project object */ = {
			isa = PBXProject;
			attributes = {
				BuildIndependentTargetsInParallel = 1;
				LastSwiftUpdateCheck = 1500;
				LastUpgradeCheck = 1500;
				TargetAttributes = {
					8B1454672B0BF75C001AB56D = {
						CreatedOnToolsVersion = 15.0.1;
					};
				};
			};
			buildConfigurationList = 8B1454632B0BF75C001AB56D /* Build configuration list for PBXProject "CompSci Ethics App" */;
			compatibilityVersion = "Xcode 14.0";
			developmentRegion = en;
			hasScannedForEncodings = 0;
			knownRegions = (
				en,
				Base,
			);
			mainGroup = 8B14545F2B0BF75C001AB56D;
			productRefGroup = 8B1454692B0BF75C001AB56D /* Products */;
			projectDirPath = "";
			projectRoot = "";
			targets = (
				8B1454672B0BF75C001AB56D /* CompSci Ethics App */,
			);
		};
/* End PBXProject section */

/* Begin PBXResourcesBuildPhase section */
		8B1454662B0BF75C001AB56D /* Resources */ = {
			isa = PBXResourcesBuildPhase;
			buildActionMask = 2147483647;
			files = (
				8B1454732B0BF75E001AB56D /* Preview Assets.xcassets in Resources */,
				8B1454702B0BF75E001AB56D /* Assets.xcassets in Resources */,
				8B1454862B0D4490001AB56D /* IntellectualProperty.json in Resources */,
				8B14548C2B0D4DEB001AB56D /* IPBasics.mp4 in Resources */,
			);
			runOnlyForDeploymentPostprocessing = 0;
		};
/* End PBXResourcesBuildPhase section */

/* Begin PBXSourcesBuildPhase section */
		8B1454642B0BF75C001AB56D /* Sources */ = {
			isa = PBXSourcesBuildPhase;
			buildActionMask = 2147483647;
			files = (
				8B1454932B0D5785001AB56D /* IntellectualPropertyData.swift in Sources */,
				8B14546E2B0BF75C001AB56D /* RootView.swift in Sources */,
				8B1454912B0D55C3001AB56D /* IntellectualPropertyManager.swift in Sources */,
				8B14547C2B0C054D001AB56D /* QuizView.swift in Sources */,
				8B1454962B0D5A44001AB56D /* DataService.swift in Sources */,
				8B14547F2B0D429F001AB56D /* EthicsView.swift in Sources */,
				8B14549B2B0E9D36001AB56D /* CopyrightView.swift in Sources */,
				8B14547A2B0C0542001AB56D /* LearnView.swift in Sources */,
				8B1454812B0D4441001AB56D /* LegalView.swift in Sources */,
				8B1454982B0E9879001AB56D /* RectangleCard.swift in Sources */,
				8B14546C2B0BF75C001AB56D /* CompSci_Ethics_App.swift in Sources */,
				8B1454832B0D444F001AB56D /* IntellectualPropertyView.swift in Sources */,
			);
			runOnlyForDeploymentPostprocessing = 0;
		};
/* End PBXSourcesBuildPhase section */

/* Begin XCBuildConfiguration section */
		8B1454742B0BF75E001AB56D /* Debug */ = {
			isa = XCBuildConfiguration;
			buildSettings = {
				ALWAYS_SEARCH_USER_PATHS = NO;
				ASSETCATALOG_COMPILER_GENERATE_SWIFT_ASSET_SYMBOL_EXTENSIONS = YES;
				CLANG_ANALYZER_NONNULL = YES;
				CLANG_ANALYZER_NUMBER_OBJECT_CONVERSION = YES_AGGRESSIVE;
				CLANG_CXX_LANGUAGE_STANDARD = "gnu++20";
				CLANG_ENABLE_MODULES = YES;
				CLANG_ENABLE_OBJC_ARC = YES;
				CLANG_ENABLE_OBJC_WEAK = YES;
				CLANG_WARN_BLOCK_CAPTURE_AUTORELEASING = YES;
				CLANG_WARN_BOOL_CONVERSION = YES;
				CLANG_WARN_COMMA = YES;
				CLANG_WARN_CONSTANT_CONVERSION = YES;
				CLANG_WARN_DEPRECATED_OBJC_IMPLEMENTATIONS = YES;
				CLANG_WARN_DIRECT_OBJC_ISA_USAGE = YES_ERROR;
				CLANG_WARN_DOCUMENTATION_COMMENTS = YES;
				CLANG_WARN_EMPTY_BODY = YES;
				CLANG_WARN_ENUM_CONVERSION = YES;
				CLANG_WARN_INFINITE_RECURSION = YES;
				CLANG_WARN_INT_CONVERSION = YES;
				CLANG_WARN_NON_LITERAL_NULL_CONVERSION = YES;
				CLANG_WARN_OBJC_IMPLICIT_RETAIN_SELF = YES;
				CLANG_WARN_OBJC_LITERAL_CONVERSION = YES;
				CLANG_WARN_OBJC_ROOT_CLASS = YES_ERROR;
				CLANG_WARN_QUOTED_INCLUDE_IN_FRAMEWORK_HEADER = YES;
				CLANG_WARN_RANGE_LOOP_ANALYSIS = YES;
				CLANG_WARN_STRICT_PROTOTYPES = YES;
				CLANG_WARN_SUSPICIOUS_MOVE = YES;
				CLANG_WARN_UNGUARDED_AVAILABILITY = YES_AGGRESSIVE;
				CLANG_WARN_UNREACHABLE_CODE = YES;
				CLANG_WARN__DUPLICATE_METHOD_MATCH = YES;
				COPY_PHASE_STRIP = NO;
				DEBUG_INFORMATION_FORMAT = dwarf;
				ENABLE_STRICT_OBJC_MSGSEND = YES;
				ENABLE_TESTABILITY = YES;
				ENABLE_USER_SCRIPT_SANDBOXING = YES;
				GCC_C_LANGUAGE_STANDARD = gnu17;
				GCC_DYNAMIC_NO_PIC = NO;
				GCC_NO_COMMON_BLOCKS = YES;
				GCC_OPTIMIZATION_LEVEL = 0;
				GCC_PREPROCESSOR_DEFINITIONS = (
					"DEBUG=1",
					"$(inherited)",
				);
				GCC_WARN_64_TO_32_BIT_CONVERSION = YES;
				GCC_WARN_ABOUT_RETURN_TYPE = YES_ERROR;
				GCC_WARN_UNDECLARED_SELECTOR = YES;
				GCC_WARN_UNINITIALIZED_AUTOS = YES_AGGRESSIVE;
				GCC_WARN_UNUSED_FUNCTION = YES;
				GCC_WARN_UNUSED_VARIABLE = YES;
				IPHONEOS_DEPLOYMENT_TARGET = 17.0;
				LOCALIZATION_PREFERS_STRING_CATALOGS = YES;
				MTL_ENABLE_DEBUG_INFO = INCLUDE_SOURCE;
				MTL_FAST_MATH = YES;
				ONLY_ACTIVE_ARCH = YES;
				SDKROOT = iphoneos;
				SWIFT_ACTIVE_COMPILATION_CONDITIONS = "DEBUG $(inherited)";
				SWIFT_OPTIMIZATION_LEVEL = "-Onone";
			};
			name = Debug;
		};
		8B1454752B0BF75E001AB56D /* Release */ = {
			isa = XCBuildConfiguration;
			buildSettings = {
				ALWAYS_SEARCH_USER_PATHS = NO;
				ASSETCATALOG_COMPILER_GENERATE_SWIFT_ASSET_SYMBOL_EXTENSIONS = YES;
				CLANG_ANALYZER_NONNULL = YES;
				CLANG_ANALYZER_NUMBER_OBJECT_CONVERSION = YES_AGGRESSIVE;
				CLANG_CXX_LANGUAGE_STANDARD = "gnu++20";
				CLANG_ENABLE_MODULES = YES;
				CLANG_ENABLE_OBJC_ARC = YES;
				CLANG_ENABLE_OBJC_WEAK = YES;
				CLANG_WARN_BLOCK_CAPTURE_AUTORELEASING = YES;
				CLANG_WARN_BOOL_CONVERSION = YES;
				CLANG_WARN_COMMA = YES;
				CLANG_WARN_CONSTANT_CONVERSION = YES;
				CLANG_WARN_DEPRECATED_OBJC_IMPLEMENTATIONS = YES;
				CLANG_WARN_DIRECT_OBJC_ISA_USAGE = YES_ERROR;
				CLANG_WARN_DOCUMENTATION_COMMENTS = YES;
				CLANG_WARN_EMPTY_BODY = YES;
				CLANG_WARN_ENUM_CONVERSION = YES;
				CLANG_WARN_INFINITE_RECURSION = YES;
				CLANG_WARN_INT_CONVERSION = YES;
				CLANG_WARN_NON_LITERAL_NULL_CONVERSION = YES;
				CLANG_WARN_OBJC_IMPLICIT_RETAIN_SELF = YES;
				CLANG_WARN_OBJC_LITERAL_CONVERSION = YES;
				CLANG_WARN_OBJC_ROOT_CLASS = YES_ERROR;
				CLANG_WARN_QUOTED_INCLUDE_IN_FRAMEWORK_HEADER = YES;
				CLANG_WARN_RANGE_LOOP_ANALYSIS = YES;
				CLANG_WARN_STRICT_PROTOTYPES = YES;
				CLANG_WARN_SUSPICIOUS_MOVE = YES;
				CLANG_WARN_UNGUARDED_AVAILABILITY = YES_AGGRESSIVE;
				CLANG_WARN_UNREACHABLE_CODE = YES;
				CLANG_WARN__DUPLICATE_METHOD_MATCH = YES;
				COPY_PHASE_STRIP = NO;
				DEBUG_INFORMATION_FORMAT = "dwarf-with-dsym";
				ENABLE_NS_ASSERTIONS = NO;
				ENABLE_STRICT_OBJC_MSGSEND = YES;
				ENABLE_USER_SCRIPT_SANDBOXING = YES;
				GCC_C_LANGUAGE_STANDARD = gnu17;
				GCC_NO_COMMON_BLOCKS = YES;
				GCC_WARN_64_TO_32_BIT_CONVERSION = YES;
				GCC_WARN_ABOUT_RETURN_TYPE = YES_ERROR;
				GCC_WARN_UNDECLARED_SELECTOR = YES;
				GCC_WARN_UNINITIALIZED_AUTOS = YES_AGGRESSIVE;
				GCC_WARN_UNUSED_FUNCTION = YES;
				GCC_WARN_UNUSED_VARIABLE = YES;
				IPHONEOS_DEPLOYMENT_TARGET = 17.0;
				LOCALIZATION_PREFERS_STRING_CATALOGS = YES;
				MTL_ENABLE_DEBUG_INFO = NO;
				MTL_FAST_MATH = YES;
				SDKROOT = iphoneos;
				SWIFT_COMPILATION_MODE = wholemodule;
				VALIDATE_PRODUCT = YES;
			};
			name = Release;
		};
		8B1454772B0BF75E001AB56D /* Debug */ = {
			isa = XCBuildConfiguration;
			buildSettings = {
				ASSETCATALOG_COMPILER_APPICON_NAME = AppIcon;
				ASSETCATALOG_COMPILER_GLOBAL_ACCENT_COLOR_NAME = AccentColor;
				CODE_SIGN_STYLE = Automatic;
				CURRENT_PROJECT_VERSION = 1;
				DEVELOPMENT_ASSET_PATHS = "\"CompSci Ethics App/Preview Content\"";
				DEVELOPMENT_TEAM = 6CTZ99RBT4;
				ENABLE_PREVIEWS = YES;
				GENERATE_INFOPLIST_FILE = YES;
				INFOPLIST_KEY_UIApplicationSceneManifest_Generation = YES;
				INFOPLIST_KEY_UIApplicationSupportsIndirectInputEvents = YES;
				INFOPLIST_KEY_UILaunchScreen_Generation = YES;
				INFOPLIST_KEY_UISupportedInterfaceOrientations_iPad = "UIInterfaceOrientationPortrait UIInterfaceOrientationPortraitUpsideDown UIInterfaceOrientationLandscapeLeft UIInterfaceOrientationLandscapeRight";
				INFOPLIST_KEY_UISupportedInterfaceOrientations_iPhone = "UIInterfaceOrientationPortrait UIInterfaceOrientationLandscapeLeft UIInterfaceOrientationLandscapeRight";
				LD_RUNPATH_SEARCH_PATHS = (
					"$(inherited)",
					"@executable_path/Frameworks",
				);
				MARKETING_VERSION = 1.0;
				PRODUCT_BUNDLE_IDENTIFIER = "com.TudorHirtopanu.CompSci-Ethics-App";
				PRODUCT_NAME = "$(TARGET_NAME)";
				SWIFT_EMIT_LOC_STRINGS = YES;
				SWIFT_VERSION = 5.0;
				TARGETED_DEVICE_FAMILY = "1,2";
			};
			name = Debug;
		};
		8B1454782B0BF75E001AB56D /* Release */ = {
			isa = XCBuildConfiguration;
			buildSettings = {
				ASSETCATALOG_COMPILER_APPICON_NAME = AppIcon;
				ASSETCATALOG_COMPILER_GLOBAL_ACCENT_COLOR_NAME = AccentColor;
				CODE_SIGN_STYLE = Automatic;
				CURRENT_PROJECT_VERSION = 1;
				DEVELOPMENT_ASSET_PATHS = "\"CompSci Ethics App/Preview Content\"";
				DEVELOPMENT_TEAM = 6CTZ99RBT4;
				ENABLE_PREVIEWS = YES;
				GENERATE_INFOPLIST_FILE = YES;
				INFOPLIST_KEY_UIApplicationSceneManifest_Generation = YES;
				INFOPLIST_KEY_UIApplicationSupportsIndirectInputEvents = YES;
				INFOPLIST_KEY_UILaunchScreen_Generation = YES;
				INFOPLIST_KEY_UISupportedInterfaceOrientations_iPad = "UIInterfaceOrientationPortrait UIInterfaceOrientationPortraitUpsideDown UIInterfaceOrientationLandscapeLeft UIInterfaceOrientationLandscapeRight";
				INFOPLIST_KEY_UISupportedInterfaceOrientations_iPhone = "UIInterfaceOrientationPortrait UIInterfaceOrientationLandscapeLeft UIInterfaceOrientationLandscapeRight";
				LD_RUNPATH_SEARCH_PATHS = (
					"$(inherited)",
					"@executable_path/Frameworks",
				);
				MARKETING_VERSION = 1.0;
				PRODUCT_BUNDLE_IDENTIFIER = "com.TudorHirtopanu.CompSci-Ethics-App";
				PRODUCT_NAME = "$(TARGET_NAME)";
				SWIFT_EMIT_LOC_STRINGS = YES;
				SWIFT_VERSION = 5.0;
				TARGETED_DEVICE_FAMILY = "1,2";
			};
			name = Release;
		};
/* End XCBuildConfiguration section */

/* Begin XCConfigurationList section */
		8B1454632B0BF75C001AB56D /* Build configuration list for PBXProject "CompSci Ethics App" */ = {
			isa = XCConfigurationList;
			buildConfigurations = (
				8B1454742B0BF75E001AB56D /* Debug */,
				8B1454752B0BF75E001AB56D /* Release */,
			);
			defaultConfigurationIsVisible = 0;
			defaultConfigurationName = Release;
		};
		8B1454762B0BF75E001AB56D /* Build configuration list for PBXNativeTarget "CompSci Ethics App" */ = {
			isa = XCConfigurationList;
			buildConfigurations = (
				8B1454772B0BF75E001AB56D /* Debug */,
				8B1454782B0BF75E001AB56D /* Release */,
			);
			defaultConfigurationIsVisible = 0;
			defaultConfigurationName = Release;
		};
/* End XCConfigurationList section */
	};
	rootObject = 8B1454602B0BF75C001AB56D /* Project object */;
}
